
Microsoft Visual Studio Solution File, Format Version 12.00
Project("{FAE04EC0-301F-11D3-BF4B-00C04F79EFBC}") = "LeetCodeTests", "LeetCodeTests\LeetCodeTests.csproj", "{57135AA2-D2CE-473B-8851-C4BA84F6D872}"
EndProject
Global
	GlobalSection(SolutionConfigurationPlatforms) = preSolution
		Debug|Any CPU = Debug|Any CPU
		Release|Any CPU = Release|Any CPU
	EndGlobalSection
	GlobalSection(ProjectConfigurationPlatforms) = postSolution
		{57135AA2-D2CE-473B-8851-C4BA84F6D872}.Debug|Any CPU.ActiveCfg = Debug|Any CPU
		{57135AA2-D2CE-473B-8851-C4BA84F6D872}.Debug|Any CPU.Build.0 = Debug|Any CPU
		{57135AA2-D2CE-473B-8851-C4BA84F6D872}.Release|Any CPU.ActiveCfg = Release|Any CPU
		{57135AA2-D2CE-473B-8851-C4BA84F6D872}.Release|Any CPU.Build.0 = Release|Any CPU
	EndGlobalSection
EndGlobal
